
Microsoft Visual Studio Solution File, Format Version 12.00
# Visual Studio Version 16
VisualStudioVersion = 16.0.29009.5
MinimumVisualStudioVersion = 10.0.40219.1
Project("{FAE04EC0-301F-11D3-BF4B-00C04F79EFBC}") = "rentals", "rentals\rentals.csproj", "{B057A65C-4FCA-4656-9E72-340B7A4B1F34}"
EndProject
Global
	GlobalSection(SolutionConfigurationPlatforms) = preSolution
		Debug|Any CPU = Debug|Any CPU
		Release|Any CPU = Release|Any CPU
	EndGlobalSection
	GlobalSection(ProjectConfigurationPlatforms) = postSolution
		{B057A65C-4FCA-4656-9E72-340B7A4B1F34}.Debug|Any CPU.ActiveCfg = Debug|Any CPU
		{B057A65C-4FCA-4656-9E72-340B7A4B1F34}.Debug|Any CPU.Build.0 = Debug|Any CPU
		{B057A65C-4FCA-4656-9E72-340B7A4B1F34}.Release|Any CPU.ActiveCfg = Release|Any CPU
		{B057A65C-4FCA-4656-9E72-340B7A4B1F34}.Release|Any CPU.Build.0 = Release|Any CPU
	EndGlobalSection
	GlobalSection(SolutionProperties) = preSolution
		HideSolutionNode = FALSE
	EndGlobalSection
	GlobalSection(ExtensibilityGlobals) = postSolution
		SolutionGuid = {36C2EAD9-C8F3-4DDC-B5A1-5C563AD8ADD8}
	EndGlobalSection
EndGlobal
